
Microsoft Visual Studio Solution File, Format Version 12.00
# Visual Studio Version 17
VisualStudioVersion = 17.8.34525.116
MinimumVisualStudioVersion = 10.0.40219.1
Project("{FAE04EC0-301F-11D3-BF4B-00C04F79EFBC}") = "SuffixThree", "SuffixThree\SuffixThree.csproj", "{1602D620-9681-40A5-8885-AEDBF1DAFCC0}"
EndProject
Global
	GlobalSection(SolutionConfigurationPlatforms) = preSolution
		Debug|Any CPU = Debug|Any CPU
		Release|Any CPU = Release|Any CPU
	EndGlobalSection
	GlobalSection(ProjectConfigurationPlatforms) = postSolution
		{1602D620-9681-40A5-8885-AEDBF1DAFCC0}.Debug|Any CPU.ActiveCfg = Debug|Any CPU
		{1602D620-9681-40A5-8885-AEDBF1DAFCC0}.Debug|Any CPU.Build.0 = Debug|Any CPU
		{1602D620-9681-40A5-8885-AEDBF1DAFCC0}.Release|Any CPU.ActiveCfg = Release|Any CPU
		{1602D620-9681-40A5-8885-AEDBF1DAFCC0}.Release|Any CPU.Build.0 = Release|Any CPU
	EndGlobalSection
	GlobalSection(SolutionProperties) = preSolution
		HideSolutionNode = FALSE
	EndGlobalSection
	GlobalSection(ExtensibilityGlobals) = postSolution
		SolutionGuid = {17D2BEC7-ABC2-4992-9AC0-7897F1B066ED}
	EndGlobalSection
EndGlobal
